
Microsoft Visual Studio Solution File, Format Version 12.00
# Visual Studio 15
VisualStudioVersion = 15.0.28307.136
MinimumVisualStudioVersion = 10.0.40219.1
Project("{FAE04EC0-301F-11D3-BF4B-00C04F79EFBC}") = "lesson9", "lesson9\lesson9.csproj", "{9FA6AD2B-2DD3-48E6-8745-0D3273E2F140}"
EndProject
Global
	GlobalSection(SolutionConfigurationPlatforms) = preSolution
		Debug|Any CPU = Debug|Any CPU
		Release|Any CPU = Release|Any CPU
	EndGlobalSection
	GlobalSection(ProjectConfigurationPlatforms) = postSolution
		{9FA6AD2B-2DD3-48E6-8745-0D3273E2F140}.Debug|Any CPU.ActiveCfg = Debug|Any CPU
		{9FA6AD2B-2DD3-48E6-8745-0D3273E2F140}.Debug|Any CPU.Build.0 = Debug|Any CPU
		{9FA6AD2B-2DD3-48E6-8745-0D3273E2F140}.Release|Any CPU.ActiveCfg = Release|Any CPU
		{9FA6AD2B-2DD3-48E6-8745-0D3273E2F140}.Release|Any CPU.Build.0 = Release|Any CPU
	EndGlobalSection
	GlobalSection(SolutionProperties) = preSolution
		HideSolutionNode = FALSE
	EndGlobalSection
	GlobalSection(ExtensibilityGlobals) = postSolution
		SolutionGuid = {12F745B8-8F23-486E-88F8-24B3A014F5EA}
	EndGlobalSection
EndGlobal
